
Microsoft Visual Studio Solution File, Format Version 12.00
# Visual Studio Version 17
VisualStudioVersion = 17.3.32901.215
MinimumVisualStudioVersion = 10.0.40219.1
Project("{FAE04EC0-301F-11D3-BF4B-00C04F79EFBC}") = "Session4", "Session4\Session4.csproj", "{7A96BF9B-54C2-4527-9DF4-2CAD34AAE4B7}"
EndProject
Global
	GlobalSection(SolutionConfigurationPlatforms) = preSolution
		Debug|Any CPU = Debug|Any CPU
		Release|Any CPU = Release|Any CPU
	EndGlobalSection
	GlobalSection(ProjectConfigurationPlatforms) = postSolution
		{7A96BF9B-54C2-4527-9DF4-2CAD34AAE4B7}.Debug|Any CPU.ActiveCfg = Debug|Any CPU
		{7A96BF9B-54C2-4527-9DF4-2CAD34AAE4B7}.Debug|Any CPU.Build.0 = Debug|Any CPU
		{7A96BF9B-54C2-4527-9DF4-2CAD34AAE4B7}.Release|Any CPU.ActiveCfg = Release|Any CPU
		{7A96BF9B-54C2-4527-9DF4-2CAD34AAE4B7}.Release|Any CPU.Build.0 = Release|Any CPU
	EndGlobalSection
	GlobalSection(SolutionProperties) = preSolution
		HideSolutionNode = FALSE
	EndGlobalSection
	GlobalSection(ExtensibilityGlobals) = postSolution
		SolutionGuid = {725C3F9F-CD51-4570-8EDC-894021460D59}
	EndGlobalSection
EndGlobal
